// !$*UTF8*$!
{
	archiveVersion = 1;
	classes = {
	};
	objectVersion = 46;
	objects = {

/* Begin PBXBuildFile section */
		9B44A32C17F2FF1A004938B5 /* DRHResultCell.m in Sources */ = {isa = PBXBuildFile; fileRef = 9B44A32B17F2FF1A004938B5 /* DRHResultCell.m */; };
		9B44A33717F30292004938B5 /* To Do in Resources */ = {isa = PBXBuildFile; fileRef = 9B44A33617F30291004938B5 /* To Do */; };
		9B66211F17F333DC009C079F /* DRHResultsView.m in Sources */ = {isa = PBXBuildFile; fileRef = 9B66211E17F333DC009C079F /* DRHResultsView.m */; };
		9BD35A9317EB3C4400C80701 /* Cocoa.framework in Frameworks */ = {isa = PBXBuildFile; fileRef = 9BD35A9217EB3C4400C80701 /* Cocoa.framework */; };
		9BD35A9D17EB3C4400C80701 /* InfoPlist.strings in Resources */ = {isa = PBXBuildFile; fileRef = 9BD35A9B17EB3C4400C80701 /* InfoPlist.strings */; };
		9BD35A9F17EB3C4400C80701 /* main.m in Sources */ = {isa = PBXBuildFile; fileRef = 9BD35A9E17EB3C4400C80701 /* main.m */; };
		9BD35AA317EB3C4400C80701 /* Credits.rtf in Resources */ = {isa = PBXBuildFile; fileRef = 9BD35AA117EB3C4400C80701 /* Credits.rtf */; };
		9BD35AA617EB3C4400C80701 /* DRHAppDelegate.m in Sources */ = {isa = PBXBuildFile; fileRef = 9BD35AA517EB3C4400C80701 /* DRHAppDelegate.m */; };
		9BD35AA917EB3C4400C80701 /* MainMenu.xib in Resources */ = {isa = PBXBuildFile; fileRef = 9BD35AA717EB3C4400C80701 /* MainMenu.xib */; };
		9BD35AB817EB413B00C80701 /* DRHDiceResults.m in Sources */ = {isa = PBXBuildFile; fileRef = 9BD35AB717EB413B00C80701 /* DRHDiceResults.m */; };
/* End PBXBuildFile section */

/* Begin PBXFileReference section */
		9B44A32A17F2FF1A004938B5 /* DRHResultCell.h */ = {isa = PBXFileReference; fileEncoding = 4; lastKnownFileType = sourcecode.c.h; path = DRHResultCell.h; sourceTree = "<group>"; };
		9B44A32B17F2FF1A004938B5 /* DRHResultCell.m */ = {isa = PBXFileReference; fileEncoding = 4; lastKnownFileType = sourcecode.c.objc; path = DRHResultCell.m; sourceTree = "<group>"; };
		9B44A33617F30291004938B5 /* To Do */ = {isa = PBXFileReference; fileEncoding = 4; lastKnownFileType = text; path = "To Do"; sourceTree = "<group>"; };
		9B66211D17F333DC009C079F /* DRHResultsView.h */ = {isa = PBXFileReference; fileEncoding = 4; lastKnownFileType = sourcecode.c.h; path = DRHResultsView.h; sourceTree = "<group>"; };
		9B66211E17F333DC009C079F /* DRHResultsView.m */ = {isa = PBXFileReference; fileEncoding = 4; lastKnownFileType = sourcecode.c.objc; path = DRHResultsView.m; sourceTree = "<group>"; };
		9BD35A8E17EB3C4400C80701 /* Lab Dice.app */ = {isa = PBXFileReference; explicitFileType = wrapper.application; includeInIndex = 0; path = "Lab Dice.app"; sourceTree = BUILT_PRODUCTS_DIR; };
		9BD35A9217EB3C4400C80701 /* Cocoa.framework */ = {isa = PBXFileReference; lastKnownFileType = wrapper.framework; name = Cocoa.framework; path = System/Library/Frameworks/Cocoa.framework; sourceTree = SDKROOT; };
		9BD35A9517EB3C4400C80701 /* AppKit.framework */ = {isa = PBXFileReference; lastKnownFileType = wrapper.framework; name = AppKit.framework; path = System/Library/Frameworks/AppKit.framework; sourceTree = SDKROOT; };
		9BD35A9617EB3C4400C80701 /* CoreData.framework */ = {isa = PBXFileReference; lastKnownFileType = wrapper.framework; name = CoreData.framework; path = System/Library/Frameworks/CoreData.framework; sourceTree = SDKROOT; };
		9BD35A9717EB3C4400C80701 /* Foundation.framework */ = {isa = PBXFileReference; lastKnownFileType = wrapper.framework; name = Foundation.framework; path = System/Library/Frameworks/Foundation.framework; sourceTree = SDKROOT; };
		9BD35A9A17EB3C4400C80701 /* Lab Dice-Info.plist */ = {isa = PBXFileReference; lastKnownFileType = text.plist.xml; path = "Lab Dice-Info.plist"; sourceTree = "<group>"; };
		9BD35A9C17EB3C4400C80701 /* en */ = {isa = PBXFileReference; lastKnownFileType = text.plist.strings; name = en; path = en.lproj/InfoPlist.strings; sourceTree = "<group>"; };
		9BD35A9E17EB3C4400C80701 /* main.m */ = {isa = PBXFileReference; lastKnownFileType = sourcecode.c.objc; path = main.m; sourceTree = "<group>"; };
		9BD35AA017EB3C4400C80701 /* Lab Dice-Prefix.pch */ = {isa = PBXFileReference; lastKnownFileType = sourcecode.c.h; path = "Lab Dice-Prefix.pch"; sourceTree = "<group>"; };
		9BD35AA217EB3C4400C80701 /* en */ = {isa = PBXFileReference; lastKnownFileType = text.rtf; name = en; path = en.lproj/Credits.rtf; sourceTree = "<group>"; };
		9BD35AA417EB3C4400C80701 /* DRHAppDelegate.h */ = {isa = PBXFileReference; lastKnownFileType = sourcecode.c.h; path = DRHAppDelegate.h; sourceTree = "<group>"; };
		9BD35AA517EB3C4400C80701 /* DRHAppDelegate.m */ = {isa = PBXFileReference; lastKnownFileType = sourcecode.c.objc; path = DRHAppDelegate.m; sourceTree = "<group>"; };
		9BD35AA817EB3C4400C80701 /* en */ = {isa = PBXFileReference; lastKnownFileType = file.xib; name = en; path = en.lproj/MainMenu.xib; sourceTree = "<group>"; };
		9BD35AB617EB413B00C80701 /* DRHDiceResults.h */ = {isa = PBXFileReference; fileEncoding = 4; lastKnownFileType = sourcecode.c.h; path = DRHDiceResults.h; sourceTree = "<group>"; };
		9BD35AB717EB413B00C80701 /* DRHDiceResults.m */ = {isa = PBXFileReference; fileEncoding = 4; lastKnownFileType = sourcecode.c.objc; path = DRHDiceResults.m; sourceTree = "<group>"; };
/* End PBXFileReference section */

/* Begin PBXFrameworksBuildPhase section */
		9BD35A8B17EB3C4400C80701 /* Frameworks */ = {
			isa = PBXFrameworksBuildPhase;
			buildActionMask = 2147483647;
			files = (
				9BD35A9317EB3C4400C80701 /* Cocoa.framework in Frameworks */,
			);
			runOnlyForDeploymentPostprocessing = 0;
		};
/* End PBXFrameworksBuildPhase section */

/* Begin PBXGroup section */
		9BD35A8317EB3C4400C80701 = {
			isa = PBXGroup;
			children = (
				9BD35A9817EB3C4400C80701 /* Lab Dice */,
				9BD35A9117EB3C4400C80701 /* Frameworks */,
				9BD35A8F17EB3C4400C80701 /* Products */,
			);
			sourceTree = "<group>";
		};
		9BD35A8F17EB3C4400C80701 /* Products */ = {
			isa = PBXGroup;
			children = (
				9BD35A8E17EB3C4400C80701 /* Lab Dice.app */,
			);
			name = Products;
			sourceTree = "<group>";
		};
		9BD35A9117EB3C4400C80701 /* Frameworks */ = {
			isa = PBXGroup;
			children = (
				9BD35A9217EB3C4400C80701 /* Cocoa.framework */,
				9BD35A9417EB3C4400C80701 /* Other Frameworks */,
			);
			name = Frameworks;
			sourceTree = "<group>";
		};
		9BD35A9417EB3C4400C80701 /* Other Frameworks */ = {
			isa = PBXGroup;
			children = (
				9BD35A9517EB3C4400C80701 /* AppKit.framework */,
				9BD35A9617EB3C4400C80701 /* CoreData.framework */,
				9BD35A9717EB3C4400C80701 /* Foundation.framework */,
			);
			name = "Other Frameworks";
			sourceTree = "<group>";
		};
		9BD35A9817EB3C4400C80701 /* Lab Dice */ = {
			isa = PBXGroup;
			children = (
				9B44A33617F30291004938B5 /* To Do */,
				9B66211D17F333DC009C079F /* DRHResultsView.h */,
				9B66211E17F333DC009C079F /* DRHResultsView.m */,
				9BD35AB617EB413B00C80701 /* DRHDiceResults.h */,
				9BD35AB717EB413B00C80701 /* DRHDiceResults.m */,
				9B44A32A17F2FF1A004938B5 /* DRHResultCell.h */,
				9B44A32B17F2FF1A004938B5 /* DRHResultCell.m */,
				9BD35AA417EB3C4400C80701 /* DRHAppDelegate.h */,
				9BD35AA517EB3C4400C80701 /* DRHAppDelegate.m */,
				9BD35AA717EB3C4400C80701 /* MainMenu.xib */,
				9BD35A9917EB3C4400C80701 /* Supporting Files */,
			);
			path = "Lab Dice";
			sourceTree = "<group>";
		};
		9BD35A9917EB3C4400C80701 /* Supporting Files */ = {
			isa = PBXGroup;
			children = (
				9BD35A9A17EB3C4400C80701 /* Lab Dice-Info.plist */,
				9BD35A9B17EB3C4400C80701 /* InfoPlist.strings */,
				9BD35A9E17EB3C4400C80701 /* main.m */,
				9BD35AA017EB3C4400C80701 /* Lab Dice-Prefix.pch */,
				9BD35AA117EB3C4400C80701 /* Credits.rtf */,
			);
			name = "Supporting Files";
			sourceTree = "<group>";
		};
/* End PBXGroup section */

/* Begin PBXNativeTarget section */
		9BD35A8D17EB3C4400C80701 /* Lab Dice */ = {
			isa = PBXNativeTarget;
			buildConfigurationList = 9BD35AAC17EB3C4400C80701 /* Build configuration list for PBXNativeTarget "Lab Dice" */;
			buildPhases = (
				9BD35A8A17EB3C4400C80701 /* Sources */,
				9BD35A8B17EB3C4400C80701 /* Frameworks */,
				9BD35A8C17EB3C4400C80701 /* Resources */,
			);
			buildRules = (
			);
			dependencies = (
			);
			name = "Lab Dice";
			productName = "Lab Dice";
			productReference = 9BD35A8E17EB3C4400C80701 /* Lab Dice.app */;
			productType = "com.apple.product-type.application";
		};
/* End PBXNativeTarget section */

/* Begin PBXProject section */
		9BD35A8517EB3C4400C80701 /* Project object */ = {
			isa = PBXProject;
			attributes = {
				CLASSPREFIX = DRH;
				LastUpgradeCheck = 0510;
				ORGANIZATIONNAME = "Lee Walsh";
			};
			buildConfigurationList = 9BD35A8817EB3C4400C80701 /* Build configuration list for PBXProject "Lab Dice" */;
			compatibilityVersion = "Xcode 3.2";
			developmentRegion = English;
			hasScannedForEncodings = 0;
			knownRegions = (
				en,
			);
			mainGroup = 9BD35A8317EB3C4400C80701;
			productRefGroup = 9BD35A8F17EB3C4400C80701 /* Products */;
			projectDirPath = "";
			projectRoot = "";
			targets = (
				9BD35A8D17EB3C4400C80701 /* Lab Dice */,
			);
		};
/* End PBXProject section */

/* Begin PBXResourcesBuildPhase section */
		9BD35A8C17EB3C4400C80701 /* Resources */ = {
			isa = PBXResourcesBuildPhase;
			buildActionMask = 2147483647;
			files = (
				9BD35A9D17EB3C4400C80701 /* InfoPlist.strings in Resources */,
				9BD35AA317EB3C4400C80701 /* Credits.rtf in Resources */,
				9BD35AA917EB3C4400C80701 /* MainMenu.xib in Resources */,
				9B44A33717F30292004938B5 /* To Do in Resources */,
			);
			runOnlyForDeploymentPostprocessing = 0;
		};
/* End PBXResourcesBuildPhase section */

/* Begin PBXSourcesBuildPhase section */
		9BD35A8A17EB3C4400C80701 /* Sources */ = {
			isa = PBXSourcesBuildPhase;
			buildActionMask = 2147483647;
			files = (
				9BD35A9F17EB3C4400C80701 /* main.m in Sources */,
				9BD35AA617EB3C4400C80701 /* DRHAppDelegate.m in Sources */,
				9BD35AB817EB413B00C80701 /* DRHDiceResults.m in Sources */,
				9B44A32C17F2FF1A004938B5 /* DRHResultCell.m in Sources */,
				9B66211F17F333DC009C079F /* DRHResultsView.m in Sources */,
			);
			runOnlyForDeploymentPostprocessing = 0;
		};
/* End PBXSourcesBuildPhase section */

/* Begin PBXVariantGroup section */
		9BD35A9B17EB3C4400C80701 /* InfoPlist.strings */ = {
			isa = PBXVariantGroup;
			children = (
				9BD35A9C17EB3C4400C80701 /* en */,
			);
			name = InfoPlist.strings;
			sourceTree = "<group>";
		};
		9BD35AA117EB3C4400C80701 /* Credits.rtf */ = {
			isa = PBXVariantGroup;
			children = (
				9BD35AA217EB3C4400C80701 /* en */,
			);
			name = Credits.rtf;
			sourceTree = "<group>";
		};
		9BD35AA717EB3C4400C80701 /* MainMenu.xib */ = {
			isa = PBXVariantGroup;
			children = (
				9BD35AA817EB3C4400C80701 /* en */,
			);
			name = MainMenu.xib;
			sourceTree = "<group>";
		};
/* End PBXVariantGroup section */

/* Begin XCBuildConfiguration section */
		9BD35AAA17EB3C4400C80701 /* Debug */ = {
			isa = XCBuildConfiguration;
			buildSettings = {
				ALWAYS_SEARCH_USER_PATHS = NO;
				CLANG_CXX_LANGUAGE_STANDARD = "gnu++0x";
				CLANG_ENABLE_OBJC_ARC = YES;
				CLANG_WARN__DUPLICATE_METHOD_MATCH = YES;
				COPY_PHASE_STRIP = NO;
				GCC_C_LANGUAGE_STANDARD = gnu99;
				GCC_DYNAMIC_NO_PIC = NO;
				GCC_ENABLE_OBJC_EXCEPTIONS = YES;
				GCC_OPTIMIZATION_LEVEL = 0;
				GCC_PREPROCESSOR_DEFINITIONS = (
					"DEBUG=1",
					"$(inherited)",
				);
				GCC_SYMBOLS_PRIVATE_EXTERN = NO;
				GCC_WARN_64_TO_32_BIT_CONVERSION = YES;
				GCC_WARN_ABOUT_RETURN_TYPE = YES;
				GCC_WARN_UNINITIALIZED_AUTOS = YES;
				GCC_WARN_UNUSED_VARIABLE = YES;
				MACOSX_DEPLOYMENT_TARGET = 10.7;
				ONLY_ACTIVE_ARCH = YES;
				SDKROOT = macosx;
			};
			name = Debug;
		};
		9BD35AAB17EB3C4400C80701 /* Release */ = {
			isa = XCBuildConfiguration;
			buildSettings = {
				ALWAYS_SEARCH_USER_PATHS = NO;
				CLANG_CXX_LANGUAGE_STANDARD = "gnu++0x";
				CLANG_ENABLE_OBJC_ARC = YES;
				CLANG_WARN__DUPLICATE_METHOD_MATCH = YES;
				COPY_PHASE_STRIP = YES;
				DEBUG_INFORMATION_FORMAT = "dwarf-with-dsym";
				GCC_C_LANGUAGE_STANDARD = gnu99;
				GCC_ENABLE_OBJC_EXCEPTIONS = YES;
				GCC_WARN_64_TO_32_BIT_CONVERSION = YES;
				GCC_WARN_ABOUT_RETURN_TYPE = YES;
				GCC_WARN_UNINITIALIZED_AUTOS = YES;
				GCC_WARN_UNUSED_VARIABLE = YES;
				MACOSX_DEPLOYMENT_TARGET = 10.7;
				SDKROOT = macosx;
			};
			name = Release;
		};
		9BD35AAD17EB3C4400C80701 /* Debug */ = {
			isa = XCBuildConfiguration;
			buildSettings = {
				COMBINE_HIDPI_IMAGES = YES;
				GCC_PRECOMPILE_PREFIX_HEADER = YES;
				GCC_PREFIX_HEADER = "Lab Dice/Lab Dice-Prefix.pch";
				INFOPLIST_FILE = "Lab Dice/Lab Dice-Info.plist";
				PRODUCT_NAME = "$(TARGET_NAME)";
				WRAPPER_EXTENSION = app;
			};
			name = Debug;
		};
		9BD35AAE17EB3C4400C80701 /* Release */ = {
			isa = XCBuildConfiguration;
			buildSettings = {
				COMBINE_HIDPI_IMAGES = YES;
				GCC_PRECOMPILE_PREFIX_HEADER = YES;
				GCC_PREFIX_HEADER = "Lab Dice/Lab Dice-Prefix.pch";
				INFOPLIST_FILE = "Lab Dice/Lab Dice-Info.plist";
				PRODUCT_NAME = "$(TARGET_NAME)";
				WRAPPER_EXTENSION = app;
			};
			name = Release;
		};
/* End XCBuildConfiguration section */

/* Begin XCConfigurationList section */
		9BD35A8817EB3C4400C80701 /* Build configuration list for PBXProject "Lab Dice" */ = {
			isa = XCConfigurationList;
			buildConfigurations = (
				9BD35AAA17EB3C4400C80701 /* Debug */,
				9BD35AAB17EB3C4400C80701 /* Release */,
			);
			defaultConfigurationIsVisible = 0;
			defaultConfigurationName = Release;
		};
		9BD35AAC17EB3C4400C80701 /* Build configuration list for PBXNativeTarget "Lab Dice" */ = {
			isa = XCConfigurationList;
			buildConfigurations = (
				9BD35AAD17EB3C4400C80701 /* Debug */,
				9BD35AAE17EB3C4400C80701 /* Release */,
			);
			defaultConfigurationIsVisible = 0;
			defaultConfigurationName = Release;
		};
/* End XCConfigurationList section */
	};
	rootObject = 9BD35A8517EB3C4400C80701 /* Project object */;
}
